// !$*UTF8*$!
{
	archiveVersion = 1;
	classes = {
	};
	objectVersion = 56;
	objects = {

/* Begin PBXBuildFile section */
		6D9ADB5C2D10F4D600021874 /* Colors.xcassets in Resources */ = {isa = PBXBuildFile; fileRef = 6D9ADB5B2D10F4D600021874 /* Colors.xcassets */; };
		6D9ADB5E2D10F59300021874 /* Font++.swift in Sources */ = {isa = PBXBuildFile; fileRef = 6D9ADB5D2D10F59200021874 /* Font++.swift */; };
		6D9ADB612D10F61900021874 /* CustomFont.swift in Sources */ = {isa = PBXBuildFile; fileRef = 6D9ADB602D10F61800021874 /* CustomFont.swift */; };
		6D9ADB672D10F6F300021874 /* PrimaryButton.Appearance.swift in Sources */ = {isa = PBXBuildFile; fileRef = 6D9ADB642D10F6F300021874 /* PrimaryButton.Appearance.swift */; };
		6D9ADB692D10F6F300021874 /* PrimaryButton.swift in Sources */ = {isa = PBXBuildFile; fileRef = 6D9ADB632D10F6F300021874 /* PrimaryButton.swift */; };
		6D9ADB6A2D10F6F300021874 /* PrimaryButton.Width.swift in Sources */ = {isa = PBXBuildFile; fileRef = 6D9ADB652D10F6F300021874 /* PrimaryButton.Width.swift */; };
		6D9ADB6F2D10F73200021874 /* Configurable.swift in Sources */ = {isa = PBXBuildFile; fileRef = 6D9ADB6E2D10F73200021874 /* Configurable.swift */; };
		6D9ADB732D10F8F100021874 /* UIScreen++.swift in Sources */ = {isa = PBXBuildFile; fileRef = 6D9ADB722D10F8F100021874 /* UIScreen++.swift */; };
		6D9ADB752D11B26500021874 /* ButtonIcon.swift in Sources */ = {isa = PBXBuildFile; fileRef = 6D9ADB742D11B26500021874 /* ButtonIcon.swift */; };
		6D9ADB772D11B27D00021874 /* Icon.swift in Sources */ = {isa = PBXBuildFile; fileRef = 6D9ADB762D11B27D00021874 /* Icon.swift */; };
		6D9ADB792D11B41700021874 /* TimerItem.swift in Sources */ = {isa = PBXBuildFile; fileRef = 6D9ADB782D11B41200021874 /* TimerItem.swift */; };
		6D9ADB7F2D12192900021874 /* Inter-Bold.ttf in Resources */ = {isa = PBXBuildFile; fileRef = 6D9ADB7E2D12192900021874 /* Inter-Bold.ttf */; };
		6D9ADB852D12252D00021874 /* TimerIdType.swift in Sources */ = {isa = PBXBuildFile; fileRef = 6D9ADB842D12252C00021874 /* TimerIdType.swift */; };
		6D9ADB872D122C6F00021874 /* MTimerID++.swift in Sources */ = {isa = PBXBuildFile; fileRef = 6D9ADB862D122C6F00021874 /* MTimerID++.swift */; };
		6D9ADB8A2D122CAA00021874 /* TimersHandler.swift in Sources */ = {isa = PBXBuildFile; fileRef = 6D9ADB892D122CA900021874 /* TimersHandler.swift */; };
		6D9ADB8C2D12C80500021874 /* Collection++.swift in Sources */ = {isa = PBXBuildFile; fileRef = 6D9ADB8B2D12C80300021874 /* Collection++.swift */; };
		6DC00CD22ABCF428001A0EDC /* Timer_DemoApp.swift in Sources */ = {isa = PBXBuildFile; fileRef = 6DC00CD12ABCF428001A0EDC /* Timer_DemoApp.swift */; };
		6DC00CD42ABCF428001A0EDC /* TimerView.swift in Sources */ = {isa = PBXBuildFile; fileRef = 6DC00CD32ABCF428001A0EDC /* TimerView.swift */; };
		6DC00CD62ABCF42A001A0EDC /* Images.xcassets in Resources */ = {isa = PBXBuildFile; fileRef = 6DC00CD52ABCF42A001A0EDC /* Images.xcassets */; };
		6DC00CE82ABCF51B001A0EDC /* MijickTimer in Frameworks */ = {isa = PBXBuildFile; productRef = 6DC00CE72ABCF51B001A0EDC /* MijickTimer */; };
		6DC7232D2AC3294B006414D1 /* Inter-Regular.ttf in Resources */ = {isa = PBXBuildFile; fileRef = 6DC7232B2AC3294B006414D1 /* Inter-Regular.ttf */; };
		6DE4542E2AC2F7060033743C /* Spacer++.swift in Sources */ = {isa = PBXBuildFile; fileRef = 6DE4542D2AC2F7060033743C /* Spacer++.swift */; };
		6DE454302AC2F7100033743C /* View++.swift in Sources */ = {isa = PBXBuildFile; fileRef = 6DE4542F2AC2F7100033743C /* View++.swift */; };
/* End PBXBuildFile section */

/* Begin PBXFileReference section */
		6D9ADB5B2D10F4D600021874 /* Colors.xcassets */ = {isa = PBXFileReference; lastKnownFileType = folder.assetcatalog; path = Colors.xcassets; sourceTree = "<group>"; };
		6D9ADB5D2D10F59200021874 /* Font++.swift */ = {isa = PBXFileReference; lastKnownFileType = sourcecode.swift; path = "Font++.swift"; sourceTree = "<group>"; };
		6D9ADB602D10F61800021874 /* CustomFont.swift */ = {isa = PBXFileReference; lastKnownFileType = sourcecode.swift; path = CustomFont.swift; sourceTree = "<group>"; };
		6D9ADB632D10F6F300021874 /* PrimaryButton.swift */ = {isa = PBXFileReference; lastKnownFileType = sourcecode.swift; path = PrimaryButton.swift; sourceTree = "<group>"; };
		6D9ADB642D10F6F300021874 /* PrimaryButton.Appearance.swift */ = {isa = PBXFileReference; lastKnownFileType = sourcecode.swift; path = PrimaryButton.Appearance.swift; sourceTree = "<group>"; };
		6D9ADB652D10F6F300021874 /* PrimaryButton.Width.swift */ = {isa = PBXFileReference; lastKnownFileType = sourcecode.swift; path = PrimaryButton.Width.swift; sourceTree = "<group>"; };
		6D9ADB6E2D10F73200021874 /* Configurable.swift */ = {isa = PBXFileReference; lastKnownFileType = sourcecode.swift; path = Configurable.swift; sourceTree = "<group>"; };
		6D9ADB702D10F7EC00021874 /* Info.plist */ = {isa = PBXFileReference; lastKnownFileType = text.plist.xml; path = Info.plist; sourceTree = "<group>"; };
		6D9ADB722D10F8F100021874 /* UIScreen++.swift */ = {isa = PBXFileReference; lastKnownFileType = sourcecode.swift; path = "UIScreen++.swift"; sourceTree = "<group>"; };
		6D9ADB742D11B26500021874 /* ButtonIcon.swift */ = {isa = PBXFileReference; lastKnownFileType = sourcecode.swift; path = ButtonIcon.swift; sourceTree = "<group>"; };
		6D9ADB762D11B27D00021874 /* Icon.swift */ = {isa = PBXFileReference; lastKnownFileType = sourcecode.swift; path = Icon.swift; sourceTree = "<group>"; };
		6D9ADB782D11B41200021874 /* TimerItem.swift */ = {isa = PBXFileReference; lastKnownFileType = sourcecode.swift; path = TimerItem.swift; sourceTree = "<group>"; };
		6D9ADB7E2D12192900021874 /* Inter-Bold.ttf */ = {isa = PBXFileReference; lastKnownFileType = file; path = "Inter-Bold.ttf"; sourceTree = "<group>"; };
		6D9ADB842D12252C00021874 /* TimerIdType.swift */ = {isa = PBXFileReference; lastKnownFileType = sourcecode.swift; path = TimerIdType.swift; sourceTree = "<group>"; };
		6D9ADB862D122C6F00021874 /* MTimerID++.swift */ = {isa = PBXFileReference; lastKnownFileType = sourcecode.swift; path = "MTimerID++.swift"; sourceTree = "<group>"; };
		6D9ADB892D122CA900021874 /* TimersHandler.swift */ = {isa = PBXFileReference; lastKnownFileType = sourcecode.swift; path = TimersHandler.swift; sourceTree = "<group>"; };
		6D9ADB8B2D12C80300021874 /* Collection++.swift */ = {isa = PBXFileReference; lastKnownFileType = sourcecode.swift; path = "Collection++.swift"; sourceTree = "<group>"; };
		6DC00CCE2ABCF428001A0EDC /* Timer Demo.app */ = {isa = PBXFileReference; explicitFileType = wrapper.application; includeInIndex = 0; path = "Timer Demo.app"; sourceTree = BUILT_PRODUCTS_DIR; };
		6DC00CD12ABCF428001A0EDC /* Timer_DemoApp.swift */ = {isa = PBXFileReference; lastKnownFileType = sourcecode.swift; path = Timer_DemoApp.swift; sourceTree = "<group>"; };
		6DC00CD32ABCF428001A0EDC /* TimerView.swift */ = {isa = PBXFileReference; lastKnownFileType = sourcecode.swift; path = TimerView.swift; sourceTree = "<group>"; };
		6DC00CD52ABCF42A001A0EDC /* Images.xcassets */ = {isa = PBXFileReference; lastKnownFileType = folder.assetcatalog; path = Images.xcassets; sourceTree = "<group>"; };
		6DC00CEA2ABCF52C001A0EDC /* Timer */ = {isa = PBXFileReference; lastKnownFileType = wrapper; name = Timer; path = ../Timer; sourceTree = "<group>"; };
		6DC7232B2AC3294B006414D1 /* Inter-Regular.ttf */ = {isa = PBXFileReference; lastKnownFileType = file; path = "Inter-Regular.ttf"; sourceTree = "<group>"; };
		6DE4542D2AC2F7060033743C /* Spacer++.swift */ = {isa = PBXFileReference; fileEncoding = 4; lastKnownFileType = sourcecode.swift; path = "Spacer++.swift"; sourceTree = "<group>"; };
		6DE4542F2AC2F7100033743C /* View++.swift */ = {isa = PBXFileReference; fileEncoding = 4; lastKnownFileType = sourcecode.swift; path = "View++.swift"; sourceTree = "<group>"; };
/* End PBXFileReference section */

/* Begin PBXFrameworksBuildPhase section */
		6DC00CCB2ABCF428001A0EDC /* Frameworks */ = {
			isa = PBXFrameworksBuildPhase;
			buildActionMask = 2147483647;
			files = (
				6DC00CE82ABCF51B001A0EDC /* MijickTimer in Frameworks */,
			);
			runOnlyForDeploymentPostprocessing = 0;
		};
/* End PBXFrameworksBuildPhase section */

/* Begin PBXGroup section */
		6D9ADB5F2D10F60F00021874 /* Modifiers */ = {
			isa = PBXGroup;
			children = (
				6D9ADB602D10F61800021874 /* CustomFont.swift */,
			);
			path = Modifiers;
			sourceTree = "<group>";
		};
		6D9ADB622D10F6E800021874 /* Primary Button */ = {
			isa = PBXGroup;
			children = (
				6D9ADB632D10F6F300021874 /* PrimaryButton.swift */,
				6D9ADB642D10F6F300021874 /* PrimaryButton.Appearance.swift */,
				6D9ADB652D10F6F300021874 /* PrimaryButton.Width.swift */,
			);
			path = "Primary Button";
			sourceTree = "<group>";
		};
		6D9ADB6B2D10F72200021874 /* Protocols */ = {
			isa = PBXGroup;
			children = (
				6D9ADB6E2D10F73200021874 /* Configurable.swift */,
			);
			path = Protocols;
			sourceTree = "<group>";
		};
		6D9ADB832D12251700021874 /* Enumerations */ = {
			isa = PBXGroup;
			children = (
				6D9ADB842D12252C00021874 /* TimerIdType.swift */,
			);
			path = Enumerations;
			sourceTree = "<group>";
		};
		6D9ADB882D122CA200021874 /* Handlers */ = {
			isa = PBXGroup;
			children = (
				6D9ADB892D122CA900021874 /* TimersHandler.swift */,
			);
			path = Handlers;
			sourceTree = "<group>";
		};
		6DC00CC52ABCF428001A0EDC = {
			isa = PBXGroup;
			children = (
				6DC00CD02ABCF428001A0EDC /* Timer Demo */,
				6DC00CCF2ABCF428001A0EDC /* Products */,
				6DC00CE62ABCF51B001A0EDC /* Frameworks */,
			);
			sourceTree = "<group>";
		};
		6DC00CCF2ABCF428001A0EDC /* Products */ = {
			isa = PBXGroup;
			children = (
				6DC00CCE2ABCF428001A0EDC /* Timer Demo.app */,
			);
			name = Products;
			sourceTree = "<group>";
		};
		6DC00CD02ABCF428001A0EDC /* Timer Demo */ = {
			isa = PBXGroup;
			children = (
				6DC00CD12ABCF428001A0EDC /* Timer_DemoApp.swift */,
				6DC00CEC2ABCF5BA001A0EDC /* Sources */,
				6DC00CED2ABCF5BF001A0EDC /* Helpers */,
				6DC00CDF2ABCF436001A0EDC /* Assets */,
			);
			path = "Timer Demo";
			sourceTree = "<group>";
		};
		6DC00CDF2ABCF436001A0EDC /* Assets */ = {
			isa = PBXGroup;
			children = (
				6D9ADB702D10F7EC00021874 /* Info.plist */,
				6D9ADB5B2D10F4D600021874 /* Colors.xcassets */,
				6DC00CD52ABCF42A001A0EDC /* Images.xcassets */,
				6DE454192AC2F48C0033743C /* Fonts */,
			);
			path = Assets;
			sourceTree = "<group>";
		};
		6DC00CE62ABCF51B001A0EDC /* Frameworks */ = {
			isa = PBXGroup;
			children = (
				6DC00CEA2ABCF52C001A0EDC /* Timer */,
			);
			name = Frameworks;
			sourceTree = "<group>";
		};
		6DC00CEC2ABCF5BA001A0EDC /* Sources */ = {
			isa = PBXGroup;
			children = (
				6DC00CEE2ABCF5D3001A0EDC /* Views */,
			);
			path = Sources;
			sourceTree = "<group>";
		};
		6DC00CED2ABCF5BF001A0EDC /* Helpers */ = {
			isa = PBXGroup;
			children = (
				6D9ADB882D122CA200021874 /* Handlers */,
				6D9ADB832D12251700021874 /* Enumerations */,
				6DE454172AC2F4650033743C /* UI Components */,
				6D9ADB6B2D10F72200021874 /* Protocols */,
				6DE454182AC2F4720033743C /* Extensions */,
			);
			path = Helpers;
			sourceTree = "<group>";
		};
		6DC00CEE2ABCF5D3001A0EDC /* Views */ = {
			isa = PBXGroup;
			children = (
				6DC00CD32ABCF428001A0EDC /* TimerView.swift */,
			);
			path = Views;
			sourceTree = "<group>";
		};
		6DE454172AC2F4650033743C /* UI Components */ = {
			isa = PBXGroup;
			children = (
				6D9ADB782D11B41200021874 /* TimerItem.swift */,
				6D9ADB762D11B27D00021874 /* Icon.swift */,
				6D9ADB742D11B26500021874 /* ButtonIcon.swift */,
				6D9ADB622D10F6E800021874 /* Primary Button */,
				6D9ADB5F2D10F60F00021874 /* Modifiers */,
			);
			path = "UI Components";
			sourceTree = "<group>";
		};
		6DE454182AC2F4720033743C /* Extensions */ = {
			isa = PBXGroup;
			children = (
				6D9ADB8B2D12C80300021874 /* Collection++.swift */,
				6D9ADB862D122C6F00021874 /* MTimerID++.swift */,
				6D9ADB722D10F8F100021874 /* UIScreen++.swift */,
				6DE4542D2AC2F7060033743C /* Spacer++.swift */,
				6DE4542F2AC2F7100033743C /* View++.swift */,
				6D9ADB5D2D10F59200021874 /* Font++.swift */,
			);
			path = Extensions;
			sourceTree = "<group>";
		};
		6DE454192AC2F48C0033743C /* Fonts */ = {
			isa = PBXGroup;
			children = (
				6D9ADB7E2D12192900021874 /* Inter-Bold.ttf */,
				6DC7232B2AC3294B006414D1 /* Inter-Regular.ttf */,
			);
			path = Fonts;
			sourceTree = "<group>";
		};
/* End PBXGroup section */

/* Begin PBXNativeTarget section */
		6DC00CCD2ABCF428001A0EDC /* Timer Demo */ = {
			isa = PBXNativeTarget;
			buildConfigurationList = 6DC00CDC2ABCF42A001A0EDC /* Build configuration list for PBXNativeTarget "Timer Demo" */;
			buildPhases = (
				6DC00CCA2ABCF428001A0EDC /* Sources */,
				6DC00CCB2ABCF428001A0EDC /* Frameworks */,
				6DC00CCC2ABCF428001A0EDC /* Resources */,
			);
			buildRules = (
			);
			dependencies = (
			);
			name = "Timer Demo";
			packageProductDependencies = (
				6DC00CE72ABCF51B001A0EDC /* MijickTimer */,
			);
			productName = "Timer Demo";
			productReference = 6DC00CCE2ABCF428001A0EDC /* Timer Demo.app */;
			productType = "com.apple.product-type.application";
		};
/* End PBXNativeTarget section */

/* Begin PBXProject section */
		6DC00CC62ABCF428001A0EDC /* Project object */ = {
			isa = PBXProject;
			attributes = {
				BuildIndependentTargetsInParallel = 1;
				LastSwiftUpdateCheck = 1500;
				LastUpgradeCheck = 1500;
				TargetAttributes = {
					6DC00CCD2ABCF428001A0EDC = {
						CreatedOnToolsVersion = 15.0;
					};
				};
			};
			buildConfigurationList = 6DC00CC92ABCF428001A0EDC /* Build configuration list for PBXProject "Timer Demo" */;
			compatibilityVersion = "Xcode 14.0";
			developmentRegion = en;
			hasScannedForEncodings = 0;
			knownRegions = (
				en,
				Base,
			);
			mainGroup = 6DC00CC52ABCF428001A0EDC;
			packageReferences = (
				6DC00CE02ABCF4DB001A0EDC /* XCRemoteSwiftPackageReference "Timer" */,
			);
			productRefGroup = 6DC00CCF2ABCF428001A0EDC /* Products */;
			projectDirPath = "";
			projectRoot = "";
			targets = (
				6DC00CCD2ABCF428001A0EDC /* Timer Demo */,
			);
		};
/* End PBXProject section */

/* Begin PBXResourcesBuildPhase section */
		6DC00CCC2ABCF428001A0EDC /* Resources */ = {
			isa = PBXResourcesBuildPhase;
			buildActionMask = 2147483647;
			files = (
				6D9ADB7F2D12192900021874 /* Inter-Bold.ttf in Resources */,
				6D9ADB5C2D10F4D600021874 /* Colors.xcassets in Resources */,
				6DC00CD62ABCF42A001A0EDC /* Images.xcassets in Resources */,
				6DC7232D2AC3294B006414D1 /* Inter-Regular.ttf in Resources */,
			);
			runOnlyForDeploymentPostprocessing = 0;
		};
/* End PBXResourcesBuildPhase section */

/* Begin PBXSourcesBuildPhase section */
		6DC00CCA2ABCF428001A0EDC /* Sources */ = {
			isa = PBXSourcesBuildPhase;
			buildActionMask = 2147483647;
			files = (
				6DE454302AC2F7100033743C /* View++.swift in Sources */,
				6D9ADB8C2D12C80500021874 /* Collection++.swift in Sources */,
				6DC00CD42ABCF428001A0EDC /* TimerView.swift in Sources */,
				6D9ADB752D11B26500021874 /* ButtonIcon.swift in Sources */,
				6D9ADB772D11B27D00021874 /* Icon.swift in Sources */,
				6D9ADB732D10F8F100021874 /* UIScreen++.swift in Sources */,
				6DE4542E2AC2F7060033743C /* Spacer++.swift in Sources */,
				6D9ADB672D10F6F300021874 /* PrimaryButton.Appearance.swift in Sources */,
				6D9ADB692D10F6F300021874 /* PrimaryButton.swift in Sources */,
				6D9ADB6A2D10F6F300021874 /* PrimaryButton.Width.swift in Sources */,
				6D9ADB792D11B41700021874 /* TimerItem.swift in Sources */,
				6D9ADB852D12252D00021874 /* TimerIdType.swift in Sources */,
				6D9ADB872D122C6F00021874 /* MTimerID++.swift in Sources */,
				6D9ADB6F2D10F73200021874 /* Configurable.swift in Sources */,
				6D9ADB5E2D10F59300021874 /* Font++.swift in Sources */,
				6D9ADB612D10F61900021874 /* CustomFont.swift in Sources */,
				6DC00CD22ABCF428001A0EDC /* Timer_DemoApp.swift in Sources */,
				6D9ADB8A2D122CAA00021874 /* TimersHandler.swift in Sources */,
			);
			runOnlyForDeploymentPostprocessing = 0;
		};
/* End PBXSourcesBuildPhase section */

/* Begin XCBuildConfiguration section */
		6DC00CDA2ABCF42A001A0EDC /* Debug */ = {
			isa = XCBuildConfiguration;
			buildSettings = {
				ALWAYS_SEARCH_USER_PATHS = NO;
				ASSETCATALOG_COMPILER_GENERATE_SWIFT_ASSET_SYMBOL_EXTENSIONS = YES;
				CLANG_ANALYZER_NONNULL = YES;
				CLANG_ANALYZER_NUMBER_OBJECT_CONVERSION = YES_AGGRESSIVE;
				CLANG_CXX_LANGUAGE_STANDARD = "gnu++20";
				CLANG_ENABLE_MODULES = YES;
				CLANG_ENABLE_OBJC_ARC = YES;
				CLANG_ENABLE_OBJC_WEAK = YES;
				CLANG_WARN_BLOCK_CAPTURE_AUTORELEASING = YES;
				CLANG_WARN_BOOL_CONVERSION = YES;
				CLANG_WARN_COMMA = YES;
				CLANG_WARN_CONSTANT_CONVERSION = YES;
				CLANG_WARN_DEPRECATED_OBJC_IMPLEMENTATIONS = YES;
				CLANG_WARN_DIRECT_OBJC_ISA_USAGE = YES_ERROR;
				CLANG_WARN_DOCUMENTATION_COMMENTS = YES;
				CLANG_WARN_EMPTY_BODY = YES;
				CLANG_WARN_ENUM_CONVERSION = YES;
				CLANG_WARN_INFINITE_RECURSION = YES;
				CLANG_WARN_INT_CONVERSION = YES;
				CLANG_WARN_NON_LITERAL_NULL_CONVERSION = YES;
				CLANG_WARN_OBJC_IMPLICIT_RETAIN_SELF = YES;
				CLANG_WARN_OBJC_LITERAL_CONVERSION = YES;
				CLANG_WARN_OBJC_ROOT_CLASS = YES_ERROR;
				CLANG_WARN_QUOTED_INCLUDE_IN_FRAMEWORK_HEADER = YES;
				CLANG_WARN_RANGE_LOOP_ANALYSIS = YES;
				CLANG_WARN_STRICT_PROTOTYPES = YES;
				CLANG_WARN_SUSPICIOUS_MOVE = YES;
				CLANG_WARN_UNGUARDED_AVAILABILITY = YES_AGGRESSIVE;
				CLANG_WARN_UNREACHABLE_CODE = YES;
				CLANG_WARN__DUPLICATE_METHOD_MATCH = YES;
				COPY_PHASE_STRIP = NO;
				DEBUG_INFORMATION_FORMAT = dwarf;
				ENABLE_STRICT_OBJC_MSGSEND = YES;
				ENABLE_TESTABILITY = YES;
				ENABLE_USER_SCRIPT_SANDBOXING = YES;
				GCC_C_LANGUAGE_STANDARD = gnu17;
				GCC_DYNAMIC_NO_PIC = NO;
				GCC_NO_COMMON_BLOCKS = YES;
				GCC_OPTIMIZATION_LEVEL = 0;
				GCC_PREPROCESSOR_DEFINITIONS = (
					"DEBUG=1",
					"$(inherited)",
				);
				GCC_WARN_64_TO_32_BIT_CONVERSION = YES;
				GCC_WARN_ABOUT_RETURN_TYPE = YES_ERROR;
				GCC_WARN_UNDECLARED_SELECTOR = YES;
				GCC_WARN_UNINITIALIZED_AUTOS = YES_AGGRESSIVE;
				GCC_WARN_UNUSED_FUNCTION = YES;
				GCC_WARN_UNUSED_VARIABLE = YES;
				IPHONEOS_DEPLOYMENT_TARGET = 17.0;
				LOCALIZATION_PREFERS_STRING_CATALOGS = YES;
				MTL_ENABLE_DEBUG_INFO = INCLUDE_SOURCE;
				MTL_FAST_MATH = YES;
				ONLY_ACTIVE_ARCH = YES;
				SDKROOT = iphoneos;
				SWIFT_ACTIVE_COMPILATION_CONDITIONS = "DEBUG $(inherited)";
				SWIFT_OPTIMIZATION_LEVEL = "-Onone";
			};
			name = Debug;
		};
		6DC00CDB2ABCF42A001A0EDC /* Release */ = {
			isa = XCBuildConfiguration;
			buildSettings = {
				ALWAYS_SEARCH_USER_PATHS = NO;
				ASSETCATALOG_COMPILER_GENERATE_SWIFT_ASSET_SYMBOL_EXTENSIONS = YES;
				CLANG_ANALYZER_NONNULL = YES;
				CLANG_ANALYZER_NUMBER_OBJECT_CONVERSION = YES_AGGRESSIVE;
				CLANG_CXX_LANGUAGE_STANDARD = "gnu++20";
				CLANG_ENABLE_MODULES = YES;
				CLANG_ENABLE_OBJC_ARC = YES;
				CLANG_ENABLE_OBJC_WEAK = YES;
				CLANG_WARN_BLOCK_CAPTURE_AUTORELEASING = YES;
				CLANG_WARN_BOOL_CONVERSION = YES;
				CLANG_WARN_COMMA = YES;
				CLANG_WARN_CONSTANT_CONVERSION = YES;
				CLANG_WARN_DEPRECATED_OBJC_IMPLEMENTATIONS = YES;
				CLANG_WARN_DIRECT_OBJC_ISA_USAGE = YES_ERROR;
				CLANG_WARN_DOCUMENTATION_COMMENTS = YES;
				CLANG_WARN_EMPTY_BODY = YES;
				CLANG_WARN_ENUM_CONVERSION = YES;
				CLANG_WARN_INFINITE_RECURSION = YES;
				CLANG_WARN_INT_CONVERSION = YES;
				CLANG_WARN_NON_LITERAL_NULL_CONVERSION = YES;
				CLANG_WARN_OBJC_IMPLICIT_RETAIN_SELF = YES;
				CLANG_WARN_OBJC_LITERAL_CONVERSION = YES;
				CLANG_WARN_OBJC_ROOT_CLASS = YES_ERROR;
				CLANG_WARN_QUOTED_INCLUDE_IN_FRAMEWORK_HEADER = YES;
				CLANG_WARN_RANGE_LOOP_ANALYSIS = YES;
				CLANG_WARN_STRICT_PROTOTYPES = YES;
				CLANG_WARN_SUSPICIOUS_MOVE = YES;
				CLANG_WARN_UNGUARDED_AVAILABILITY = YES_AGGRESSIVE;
				CLANG_WARN_UNREACHABLE_CODE = YES;
				CLANG_WARN__DUPLICATE_METHOD_MATCH = YES;
				COPY_PHASE_STRIP = NO;
				DEBUG_INFORMATION_FORMAT = "dwarf-with-dsym";
				ENABLE_NS_ASSERTIONS = NO;
				ENABLE_STRICT_OBJC_MSGSEND = YES;
				ENABLE_USER_SCRIPT_SANDBOXING = YES;
				GCC_C_LANGUAGE_STANDARD = gnu17;
				GCC_NO_COMMON_BLOCKS = YES;
				GCC_WARN_64_TO_32_BIT_CONVERSION = YES;
				GCC_WARN_ABOUT_RETURN_TYPE = YES_ERROR;
				GCC_WARN_UNDECLARED_SELECTOR = YES;
				GCC_WARN_UNINITIALIZED_AUTOS = YES_AGGRESSIVE;
				GCC_WARN_UNUSED_FUNCTION = YES;
				GCC_WARN_UNUSED_VARIABLE = YES;
				IPHONEOS_DEPLOYMENT_TARGET = 17.0;
				LOCALIZATION_PREFERS_STRING_CATALOGS = YES;
				MTL_ENABLE_DEBUG_INFO = NO;
				MTL_FAST_MATH = YES;
				SDKROOT = iphoneos;
				SWIFT_COMPILATION_MODE = wholemodule;
				VALIDATE_PRODUCT = YES;
			};
			name = Release;
		};
		6DC00CDD2ABCF42A001A0EDC /* Debug */ = {
			isa = XCBuildConfiguration;
			buildSettings = {
				ASSETCATALOG_COMPILER_APPICON_NAME = AppIcon;
				ASSETCATALOG_COMPILER_GLOBAL_ACCENT_COLOR_NAME = "";
				CODE_SIGN_STYLE = Automatic;
				CURRENT_PROJECT_VERSION = 1;
				DEVELOPMENT_ASSET_PATHS = "";
				DEVELOPMENT_TEAM = G8XDUUWJVM;
				ENABLE_PREVIEWS = YES;
				GENERATE_INFOPLIST_FILE = YES;
				INFOPLIST_FILE = "Timer Demo/Assets/Info.plist";
				INFOPLIST_KEY_UIApplicationSceneManifest_Generation = YES;
				INFOPLIST_KEY_UIApplicationSupportsIndirectInputEvents = YES;
				INFOPLIST_KEY_UILaunchScreen_Generation = YES;
				INFOPLIST_KEY_UISupportedInterfaceOrientations_iPad = "UIInterfaceOrientationPortrait UIInterfaceOrientationPortraitUpsideDown UIInterfaceOrientationLandscapeLeft UIInterfaceOrientationLandscapeRight";
				INFOPLIST_KEY_UISupportedInterfaceOrientations_iPhone = "UIInterfaceOrientationPortrait UIInterfaceOrientationLandscapeLeft UIInterfaceOrientationLandscapeRight";
				LD_RUNPATH_SEARCH_PATHS = (
					"$(inherited)",
					"@executable_path/Frameworks",
				);
				MARKETING_VERSION = 1.0;
				PRODUCT_BUNDLE_IDENTIFIER = "com.mijick.Timer-Demo1";
				PRODUCT_NAME = "$(TARGET_NAME)";
				SUPPORTED_PLATFORMS = "iphoneos iphonesimulator macosx";
				SUPPORTS_MACCATALYST = NO;
				SUPPORTS_MAC_DESIGNED_FOR_IPHONE_IPAD = NO;
				SWIFT_EMIT_LOC_STRINGS = YES;
				SWIFT_VERSION = 5.0;
				TARGETED_DEVICE_FAMILY = 1;
			};
			name = Debug;
		};
		6DC00CDE2ABCF42A001A0EDC /* Release */ = {
			isa = XCBuildConfiguration;
			buildSettings = {
				ASSETCATALOG_COMPILER_APPICON_NAME = AppIcon;
				ASSETCATALOG_COMPILER_GLOBAL_ACCENT_COLOR_NAME = "";
				CODE_SIGN_STYLE = Automatic;
				CURRENT_PROJECT_VERSION = 1;
				DEVELOPMENT_ASSET_PATHS = "";
				DEVELOPMENT_TEAM = G8XDUUWJVM;
				ENABLE_PREVIEWS = YES;
				GENERATE_INFOPLIST_FILE = YES;
				INFOPLIST_FILE = "Timer Demo/Assets/Info.plist";
				INFOPLIST_KEY_UIApplicationSceneManifest_Generation = YES;
				INFOPLIST_KEY_UIApplicationSupportsIndirectInputEvents = YES;
				INFOPLIST_KEY_UILaunchScreen_Generation = YES;
				INFOPLIST_KEY_UISupportedInterfaceOrientations_iPad = "UIInterfaceOrientationPortrait UIInterfaceOrientationPortraitUpsideDown UIInterfaceOrientationLandscapeLeft UIInterfaceOrientationLandscapeRight";
				INFOPLIST_KEY_UISupportedInterfaceOrientations_iPhone = "UIInterfaceOrientationPortrait UIInterfaceOrientationLandscapeLeft UIInterfaceOrientationLandscapeRight";
				LD_RUNPATH_SEARCH_PATHS = (
					"$(inherited)",
					"@executable_path/Frameworks",
				);
				MARKETING_VERSION = 1.0;
				PRODUCT_BUNDLE_IDENTIFIER = "com.mijick.Timer-Demo1";
				PRODUCT_NAME = "$(TARGET_NAME)";
				SUPPORTED_PLATFORMS = "iphoneos iphonesimulator macosx";
				SUPPORTS_MACCATALYST = NO;
				SUPPORTS_MAC_DESIGNED_FOR_IPHONE_IPAD = NO;
				SWIFT_EMIT_LOC_STRINGS = YES;
				SWIFT_VERSION = 5.0;
				TARGETED_DEVICE_FAMILY = 1;
			};
			name = Release;
		};
/* End XCBuildConfiguration section */

/* Begin XCConfigurationList section */
		6DC00CC92ABCF428001A0EDC /* Build configuration list for PBXProject "Timer Demo" */ = {
			isa = XCConfigurationList;
			buildConfigurations = (
				6DC00CDA2ABCF42A001A0EDC /* Debug */,
				6DC00CDB2ABCF42A001A0EDC /* Release */,
			);
			defaultConfigurationIsVisible = 0;
			defaultConfigurationName = Release;
		};
		6DC00CDC2ABCF42A001A0EDC /* Build configuration list for PBXNativeTarget "Timer Demo" */ = {
			isa = XCConfigurationList;
			buildConfigurations = (
				6DC00CDD2ABCF42A001A0EDC /* Debug */,
				6DC00CDE2ABCF42A001A0EDC /* Release */,
			);
			defaultConfigurationIsVisible = 0;
			defaultConfigurationName = Release;
		};
/* End XCConfigurationList section */

/* Begin XCRemoteSwiftPackageReference section */
		6DC00CE02ABCF4DB001A0EDC /* XCRemoteSwiftPackageReference "Timer" */ = {
			isa = XCRemoteSwiftPackageReference;
			repositoryURL = "https://github.com/Mijick/Timer";
			requirement = {
				branch = main;
				kind = branch;
			};
		};
/* End XCRemoteSwiftPackageReference section */

/* Begin XCSwiftPackageProductDependency section */
		6DC00CE72ABCF51B001A0EDC /* MijickTimer */ = {
			isa = XCSwiftPackageProductDependency;
			package = 6DC00CE02ABCF4DB001A0EDC /* XCRemoteSwiftPackageReference "Timer" */;
			productName = MijickTimer;
		};
/* End XCSwiftPackageProductDependency section */
	};
	rootObject = 6DC00CC62ABCF428001A0EDC /* Project object */;
}
